Microsoft Visual Studio Solution File, Format Version 12.00
# Visual Studio 2012
Project("{FAE04EC0-301F-11D3-BF4B-00C04F79EFBC}") = "_PersistentClassesLibrary", "MyXpoClassLibrary\_PersistentClassesLibrary.csproj", "{A406FBA5-8E7C-4EE3-9338-3A2E14DE265B}"
EndProject
Project("{FAE04EC0-301F-11D3-BF4B-00C04F79EFBC}") = "WCF_Server_Console", "WCF_Server_Console\WCF_Server_Console.csproj", "{F267D664-ED6E-462C-A122-CA8D7B1BCD57}"
EndProject
Project("{FAE04EC0-301F-11D3-BF4B-00C04F79EFBC}") = "WCF_Client_Console", "WCF_Client_Console\WCF_Client_Console.csproj", "{32059C7D-0CB6-4720-B820-66651661CCF7}"
EndProject
Project("{FAE04EC0-301F-11D3-BF4B-00C04F79EFBC}") = "_CreateDatabase", "_CreateDatabase\_CreateDatabase.csproj", "{4D86EF5A-4497-4BAE-B4C2-64F8907640D1}"
EndProject
Project("{FAE04EC0-301F-11D3-BF4B-00C04F79EFBC}") = "DirectDBConnect_Console", "DirectDBConnect_Console\DirectDBConnect_Console.csproj", "{CBAF89F5-9754-4440-8946-EB3261C6F910}"
EndProject
Project("{FAE04EC0-301F-11D3-BF4B-00C04F79EFBC}") = "OData_Server", "OData_Server\OData_Server.csproj", "{DDFEE6EE-667F-4F7F-AE07-CBE8C0D6EE4F}"
EndProject
Project("{FAE04EC0-301F-11D3-BF4B-00C04F79EFBC}") = "OData_Client_Console", "OData_Client_Console\OData_Client_Console.csproj", "{021CE940-3306-4CD1-AA2F-8C74AB83C04A}"
EndProject
Project("{FAE04EC0-301F-11D3-BF4B-00C04F79EFBC}") = "OData_WPF_Client", "OData_WPF_Client\OData_WPF_Client.csproj", "{0A308DA2-A0C1-4365-9DE6-AA027821CEC6}"
EndProject
Project("{FAE04EC0-301F-11D3-BF4B-00C04F79EFBC}") = "OData_Client_Html_jQuery_JSON", "OData_Client_Html_jQuery_JSON\OData_Client_Html_jQuery_JSON.csproj", "{3551BD10-BEA0-4C58-8E12-203A7BFEB263}"
EndProject
Project("{FAE04EC0-301F-11D3-BF4B-00C04F79EFBC}") = "OData_Server_InMemory", "OData_Server_InMemory\OData_Server_InMemory.csproj", "{447004F7-FDBD-4615-9904-1E5DEB803CBE}"
EndProject
Project("{CC5FD16D-436D-48AD-A40C-5A424C6E3E79}") = "OData_Server_InMemory.Azure", "OData_Server_InMemory.Azure\OData_Server_InMemory.Azure.ccproj", "{48E87CEA-CFC7-4D43-850B-09D2D90DEE1F}"
EndProject
Global
	GlobalSection(SolutionConfigurationPlatforms) = preSolution
		Debug|Any CPU = Debug|Any CPU
		Debug|Mixed Platforms = Debug|Mixed Platforms
		Debug|x86 = Debug|x86
		Release|Any CPU = Release|Any CPU
		Release|Mixed Platforms = Release|Mixed Platforms
		Release|x86 = Release|x86
	EndGlobalSection
	GlobalSection(ProjectConfigurationPlatforms) = postSolution
		{021CE940-3306-4CD1-AA2F-8C74AB83C04A}.Debug|Any CPU.ActiveCfg = Debug|x86
		{021CE940-3306-4CD1-AA2F-8C74AB83C04A}.Debug|Mixed Platforms.ActiveCfg = Debug|x86
		{021CE940-3306-4CD1-AA2F-8C74AB83C04A}.Debug|Mixed Platforms.Build.0 = Debug|x86
		{021CE940-3306-4CD1-AA2F-8C74AB83C04A}.Debug|x86.ActiveCfg = Debug|x86
		{021CE940-3306-4CD1-AA2F-8C74AB83C04A}.Debug|x86.Build.0 = Debug|x86
		{021CE940-3306-4CD1-AA2F-8C74AB83C04A}.Release|Any CPU.ActiveCfg = Release|x86
		{021CE940-3306-4CD1-AA2F-8C74AB83C04A}.Release|Mixed Platforms.ActiveCfg = Release|x86
		{021CE940-3306-4CD1-AA2F-8C74AB83C04A}.Release|Mixed Platforms.Build.0 = Release|x86
		{021CE940-3306-4CD1-AA2F-8C74AB83C04A}.Release|x86.ActiveCfg = Release|x86
		{021CE940-3306-4CD1-AA2F-8C74AB83C04A}.Release|x86.Build.0 = Release|x86
		{0A308DA2-A0C1-4365-9DE6-AA027821CEC6}.Debug|Any CPU.ActiveCfg = Debug|x86
		{0A308DA2-A0C1-4365-9DE6-AA027821CEC6}.Debug|Mixed Platforms.ActiveCfg = Debug|x86
		{0A308DA2-A0C1-4365-9DE6-AA027821CEC6}.Debug|Mixed Platforms.Build.0 = Debug|x86
		{0A308DA2-A0C1-4365-9DE6-AA027821CEC6}.Debug|x86.ActiveCfg = Debug|x86
		{0A308DA2-A0C1-4365-9DE6-AA027821CEC6}.Debug|x86.Build.0 = Debug|x86
		{0A308DA2-A0C1-4365-9DE6-AA027821CEC6}.Release|Any CPU.ActiveCfg = Release|x86
		{0A308DA2-A0C1-4365-9DE6-AA027821CEC6}.Release|Mixed Platforms.ActiveCfg = Release|x86
		{0A308DA2-A0C1-4365-9DE6-AA027821CEC6}.Release|Mixed Platforms.Build.0 = Release|x86
		{0A308DA2-A0C1-4365-9DE6-AA027821CEC6}.Release|x86.ActiveCfg = Release|x86
		{0A308DA2-A0C1-4365-9DE6-AA027821CEC6}.Release|x86.Build.0 = Release|x86
		{32059C7D-0CB6-4720-B820-66651661CCF7}.Debug|Any CPU.ActiveCfg = Debug|x86
		{32059C7D-0CB6-4720-B820-66651661CCF7}.Debug|Mixed Platforms.ActiveCfg = Debug|x86
		{32059C7D-0CB6-4720-B820-66651661CCF7}.Debug|Mixed Platforms.Build.0 = Debug|x86
		{32059C7D-0CB6-4720-B820-66651661CCF7}.Debug|x86.ActiveCfg = Debug|x86
		{32059C7D-0CB6-4720-B820-66651661CCF7}.Debug|x86.Build.0 = Debug|x86
		{32059C7D-0CB6-4720-B820-66651661CCF7}.Release|Any CPU.ActiveCfg = Release|x86
		{32059C7D-0CB6-4720-B820-66651661CCF7}.Release|Mixed Platforms.ActiveCfg = Release|x86
		{32059C7D-0CB6-4720-B820-66651661CCF7}.Release|Mixed Platforms.Build.0 = Release|x86
		{32059C7D-0CB6-4720-B820-66651661CCF7}.Release|x86.ActiveCfg = Release|x86
		{32059C7D-0CB6-4720-B820-66651661CCF7}.Release|x86.Build.0 = Release|x86
		{3551BD10-BEA0-4C58-8E12-203A7BFEB263}.Debug|Any CPU.ActiveCfg = Debug|Any CPU
		{3551BD10-BEA0-4C58-8E12-203A7BFEB263}.Debug|Any CPU.Build.0 = Debug|Any CPU
		{3551BD10-BEA0-4C58-8E12-203A7BFEB263}.Debug|Mixed Platforms.ActiveCfg = Debug|Any CPU
		{3551BD10-BEA0-4C58-8E12-203A7BFEB263}.Debug|Mixed Platforms.Build.0 = Debug|Any CPU
		{3551BD10-BEA0-4C58-8E12-203A7BFEB263}.Debug|x86.ActiveCfg = Debug|Any CPU
		{3551BD10-BEA0-4C58-8E12-203A7BFEB263}.Release|Any CPU.ActiveCfg = Release|Any CPU
		{3551BD10-BEA0-4C58-8E12-203A7BFEB263}.Release|Any CPU.Build.0 = Release|Any CPU
		{3551BD10-BEA0-4C58-8E12-203A7BFEB263}.Release|Mixed Platforms.ActiveCfg = Release|Any CPU
		{3551BD10-BEA0-4C58-8E12-203A7BFEB263}.Release|Mixed Platforms.Build.0 = Release|Any CPU
		{3551BD10-BEA0-4C58-8E12-203A7BFEB263}.Release|x86.ActiveCfg = Release|Any CPU
		{447004F7-FDBD-4615-9904-1E5DEB803CBE}.Debug|Any CPU.ActiveCfg = Debug|Any CPU
		{447004F7-FDBD-4615-9904-1E5DEB803CBE}.Debug|Any CPU.Build.0 = Debug|Any CPU
		{447004F7-FDBD-4615-9904-1E5DEB803CBE}.Debug|Mixed Platforms.ActiveCfg = Debug|Any CPU
		{447004F7-FDBD-4615-9904-1E5DEB803CBE}.Debug|Mixed Platforms.Build.0 = Debug|Any CPU
		{447004F7-FDBD-4615-9904-1E5DEB803CBE}.Debug|x86.ActiveCfg = Debug|Any CPU
		{447004F7-FDBD-4615-9904-1E5DEB803CBE}.Release|Any CPU.ActiveCfg = Release|Any CPU
		{447004F7-FDBD-4615-9904-1E5DEB803CBE}.Release|Any CPU.Build.0 = Release|Any CPU
		{447004F7-FDBD-4615-9904-1E5DEB803CBE}.Release|Mixed Platforms.ActiveCfg = Release|Any CPU
		{447004F7-FDBD-4615-9904-1E5DEB803CBE}.Release|Mixed Platforms.Build.0 = Release|Any CPU
		{447004F7-FDBD-4615-9904-1E5DEB803CBE}.Release|x86.ActiveCfg = Release|Any CPU
		{48E87CEA-CFC7-4D43-850B-09D2D90DEE1F}.Debug|Any CPU.ActiveCfg = Debug|Any CPU
		{48E87CEA-CFC7-4D43-850B-09D2D90DEE1F}.Debug|Any CPU.Build.0 = Debug|Any CPU
		{48E87CEA-CFC7-4D43-850B-09D2D90DEE1F}.Debug|Mixed Platforms.ActiveCfg = Debug|Any CPU
		{48E87CEA-CFC7-4D43-850B-09D2D90DEE1F}.Debug|Mixed Platforms.Build.0 = Debug|Any CPU
		{48E87CEA-CFC7-4D43-850B-09D2D90DEE1F}.Debug|x86.ActiveCfg = Debug|Any CPU
		{48E87CEA-CFC7-4D43-850B-09D2D90DEE1F}.Release|Any CPU.ActiveCfg = Release|Any CPU
		{48E87CEA-CFC7-4D43-850B-09D2D90DEE1F}.Release|Any CPU.Build.0 = Release|Any CPU
		{48E87CEA-CFC7-4D43-850B-09D2D90DEE1F}.Release|Mixed Platforms.ActiveCfg = Release|Any CPU
		{48E87CEA-CFC7-4D43-850B-09D2D90DEE1F}.Release|Mixed Platforms.Build.0 = Release|Any CPU
		{48E87CEA-CFC7-4D43-850B-09D2D90DEE1F}.Release|x86.ActiveCfg = Release|Any CPU
		{4D86EF5A-4497-4BAE-B4C2-64F8907640D1}.Debug|Any CPU.ActiveCfg = Debug|x86
		{4D86EF5A-4497-4BAE-B4C2-64F8907640D1}.Debug|Mixed Platforms.ActiveCfg = Debug|x86
		{4D86EF5A-4497-4BAE-B4C2-64F8907640D1}.Debug|Mixed Platforms.Build.0 = Debug|x86
		{4D86EF5A-4497-4BAE-B4C2-64F8907640D1}.Debug|x86.ActiveCfg = Debug|x86
		{4D86EF5A-4497-4BAE-B4C2-64F8907640D1}.Debug|x86.Build.0 = Debug|x86
		{4D86EF5A-4497-4BAE-B4C2-64F8907640D1}.Release|Any CPU.ActiveCfg = Release|x86
		{4D86EF5A-4497-4BAE-B4C2-64F8907640D1}.Release|Mixed Platforms.ActiveCfg = Release|x86
		{4D86EF5A-4497-4BAE-B4C2-64F8907640D1}.Release|Mixed Platforms.Build.0 = Release|x86
		{4D86EF5A-4497-4BAE-B4C2-64F8907640D1}.Release|x86.ActiveCfg = Release|x86
		{4D86EF5A-4497-4BAE-B4C2-64F8907640D1}.Release|x86.Build.0 = Release|x86
		{A406FBA5-8E7C-4EE3-9338-3A2E14DE265B}.Debug|Any CPU.ActiveCfg = Debug|Any CPU
		{A406FBA5-8E7C-4EE3-9338-3A2E14DE265B}.Debug|Any CPU.Build.0 = Debug|Any CPU
		{A406FBA5-8E7C-4EE3-9338-3A2E14DE265B}.Debug|Mixed Platforms.ActiveCfg = Debug|Any CPU
		{A406FBA5-8E7C-4EE3-9338-3A2E14DE265B}.Debug|Mixed Platforms.Build.0 = Debug|Any CPU
		{A406FBA5-8E7C-4EE3-9338-3A2E14DE265B}.Debug|x86.ActiveCfg = Debug|Any CPU
		{A406FBA5-8E7C-4EE3-9338-3A2E14DE265B}.Release|Any CPU.ActiveCfg = Release|Any CPU
		{A406FBA5-8E7C-4EE3-9338-3A2E14DE265B}.Release|Any CPU.Build.0 = Release|Any CPU
		{A406FBA5-8E7C-4EE3-9338-3A2E14DE265B}.Release|Mixed Platforms.ActiveCfg = Release|Any CPU
		{A406FBA5-8E7C-4EE3-9338-3A2E14DE265B}.Release|Mixed Platforms.Build.0 = Release|Any CPU
		{A406FBA5-8E7C-4EE3-9338-3A2E14DE265B}.Release|x86.ActiveCfg = Release|Any CPU
		{CBAF89F5-9754-4440-8946-EB3261C6F910}.Debug|Any CPU.ActiveCfg = Debug|x86
		{CBAF89F5-9754-4440-8946-EB3261C6F910}.Debug|Mixed Platforms.ActiveCfg = Debug|x86
		{CBAF89F5-9754-4440-8946-EB3261C6F910}.Debug|Mixed Platforms.Build.0 = Debug|x86
		{CBAF89F5-9754-4440-8946-EB3261C6F910}.Debug|x86.ActiveCfg = Debug|x86
		{CBAF89F5-9754-4440-8946-EB3261C6F910}.Debug|x86.Build.0 = Debug|x86
		{CBAF89F5-9754-4440-8946-EB3261C6F910}.Release|Any CPU.ActiveCfg = Release|x86
		{CBAF89F5-9754-4440-8946-EB3261C6F910}.Release|Mixed Platforms.ActiveCfg = Release|x86
		{CBAF89F5-9754-4440-8946-EB3261C6F910}.Release|Mixed Platforms.Build.0 = Release|x86
		{CBAF89F5-9754-4440-8946-EB3261C6F910}.Release|x86.ActiveCfg = Release|x86
		{CBAF89F5-9754-4440-8946-EB3261C6F910}.Release|x86.Build.0 = Release|x86
		{DDFEE6EE-667F-4F7F-AE07-CBE8C0D6EE4F}.Debug|Any CPU.ActiveCfg = Debug|Any CPU
		{DDFEE6EE-667F-4F7F-AE07-CBE8C0D6EE4F}.Debug|Any CPU.Build.0 = Debug|Any CPU
		{DDFEE6EE-667F-4F7F-AE07-CBE8C0D6EE4F}.Debug|Mixed Platforms.ActiveCfg = Debug|Any CPU
		{DDFEE6EE-667F-4F7F-AE07-CBE8C0D6EE4F}.Debug|Mixed Platforms.Build.0 = Debug|Any CPU
		{DDFEE6EE-667F-4F7F-AE07-CBE8C0D6EE4F}.Debug|x86.ActiveCfg = Debug|Any CPU
		{DDFEE6EE-667F-4F7F-AE07-CBE8C0D6EE4F}.Release|Any CPU.ActiveCfg = Release|Any CPU
		{DDFEE6EE-667F-4F7F-AE07-CBE8C0D6EE4F}.Release|Any CPU.Build.0 = Release|Any CPU
		{DDFEE6EE-667F-4F7F-AE07-CBE8C0D6EE4F}.Release|Mixed Platforms.ActiveCfg = Release|Any CPU
		{DDFEE6EE-667F-4F7F-AE07-CBE8C0D6EE4F}.Release|Mixed Platforms.Build.0 = Release|Any CPU
		{DDFEE6EE-667F-4F7F-AE07-CBE8C0D6EE4F}.Release|x86.ActiveCfg = Release|Any CPU
		{F267D664-ED6E-462C-A122-CA8D7B1BCD57}.Debug|Any CPU.ActiveCfg = Debug|x86
		{F267D664-ED6E-462C-A122-CA8D7B1BCD57}.Debug|Mixed Platforms.ActiveCfg = Debug|x86
		{F267D664-ED6E-462C-A122-CA8D7B1BCD57}.Debug|Mixed Platforms.Build.0 = Debug|x86
		{F267D664-ED6E-462C-A122-CA8D7B1BCD57}.Debug|x86.ActiveCfg = Debug|x86
		{F267D664-ED6E-462C-A122-CA8D7B1BCD57}.Debug|x86.Build.0 = Debug|x86
		{F267D664-ED6E-462C-A122-CA8D7B1BCD57}.Release|Any CPU.ActiveCfg = Release|x86
		{F267D664-ED6E-462C-A122-CA8D7B1BCD57}.Release|Mixed Platforms.ActiveCfg = Release|x86
		{F267D664-ED6E-462C-A122-CA8D7B1BCD57}.Release|Mixed Platforms.Build.0 = Release|x86
		{F267D664-ED6E-462C-A122-CA8D7B1BCD57}.Release|x86.ActiveCfg = Release|x86
		{F267D664-ED6E-462C-A122-CA8D7B1BCD57}.Release|x86.Build.0 = Release|x86
	EndGlobalSection
	GlobalSection(SolutionProperties) = preSolution
		HideSolutionNode = FALSE
	EndGlobalSection
EndGlobal
